
Microsoft Visual Studio Solution File, Format Version 12.00
# Visual Studio 15
VisualStudioVersion = 15.0.28307.168
MinimumVisualStudioVersion = 10.0.40219.1
Project("{FAE04EC0-301F-11D3-BF4B-00C04F79EFBC}") = "SCBICalculator", "SCBICalculator\SCBICalculator.csproj", "{D3081A71-63DF-49CC-B20D-2AC884118E75}"
EndProject
Global
	GlobalSection(SolutionConfigurationPlatforms) = preSolution
		Debug|Any CPU = Debug|Any CPU
		Release|Any CPU = Release|Any CPU
	EndGlobalSection
	GlobalSection(ProjectConfigurationPlatforms) = postSolution
		{D3081A71-63DF-49CC-B20D-2AC884118E75}.Debug|Any CPU.ActiveCfg = Debug|Any CPU
		{D3081A71-63DF-49CC-B20D-2AC884118E75}.Debug|Any CPU.Build.0 = Debug|Any CPU
		{D3081A71-63DF-49CC-B20D-2AC884118E75}.Release|Any CPU.ActiveCfg = Release|Any CPU
		{D3081A71-63DF-49CC-B20D-2AC884118E75}.Release|Any CPU.Build.0 = Release|Any CPU
	EndGlobalSection
	GlobalSection(SolutionProperties) = preSolution
		HideSolutionNode = FALSE
	EndGlobalSection
	GlobalSection(ExtensibilityGlobals) = postSolution
		SolutionGuid = {08E237B7-E777-453B-97C8-364BC0165B6E}
	EndGlobalSection
EndGlobal
